// !$*UTF8*$!
{
	archiveVersion = 1;
	classes = {
	};
	objectVersion = 50;
	objects = {

/* Begin PBXBuildFile section */
		847FC59224790912000704D7 /* README.md in Resources */ = {isa = PBXBuildFile; fileRef = 847FC59124790911000704D7 /* README.md */; };
		848C3BDD24781523009FD6C4 /* DetailsPresenter.swift in Sources */ = {isa = PBXBuildFile; fileRef = 848C3BD724781522009FD6C4 /* DetailsPresenter.swift */; };
		848C3BDE24781523009FD6C4 /* DetailsWorker.swift in Sources */ = {isa = PBXBuildFile; fileRef = 848C3BD824781522009FD6C4 /* DetailsWorker.swift */; };
		848C3BDF24781523009FD6C4 /* DetailsRouter.swift in Sources */ = {isa = PBXBuildFile; fileRef = 848C3BD924781522009FD6C4 /* DetailsRouter.swift */; };
		848C3BE024781523009FD6C4 /* DetailsModels.swift in Sources */ = {isa = PBXBuildFile; fileRef = 848C3BDA24781522009FD6C4 /* DetailsModels.swift */; };
		848C3BE124781523009FD6C4 /* DetailsViewController.swift in Sources */ = {isa = PBXBuildFile; fileRef = 848C3BDB24781522009FD6C4 /* DetailsViewController.swift */; };
		848C3BE224781523009FD6C4 /* DetailsInteractor.swift in Sources */ = {isa = PBXBuildFile; fileRef = 848C3BDC24781522009FD6C4 /* DetailsInteractor.swift */; };
		8490050A2476490600F666FD /* AppDelegate.swift in Sources */ = {isa = PBXBuildFile; fileRef = 849005092476490600F666FD /* AppDelegate.swift */; };
		8490050C2476490600F666FD /* SceneDelegate.swift in Sources */ = {isa = PBXBuildFile; fileRef = 8490050B2476490600F666FD /* SceneDelegate.swift */; };
		849005132476490D00F666FD /* Assets.xcassets in Resources */ = {isa = PBXBuildFile; fileRef = 849005122476490D00F666FD /* Assets.xcassets */; };
		849005162476490D00F666FD /* LaunchScreen.storyboard in Resources */ = {isa = PBXBuildFile; fileRef = 849005142476490D00F666FD /* LaunchScreen.storyboard */; };
		8490051E24764C1700F666FD /* ImageCell.swift in Sources */ = {isa = PBXBuildFile; fileRef = 8490051D24764C1700F666FD /* ImageCell.swift */; };
		84900520247685F000F666FD /* LabelPadding.swift in Sources */ = {isa = PBXBuildFile; fileRef = 8490051F247685F000F666FD /* LabelPadding.swift */; };
		849005272476879300F666FD /* HomePresenter.swift in Sources */ = {isa = PBXBuildFile; fileRef = 849005212476879200F666FD /* HomePresenter.swift */; };
		849005282476879300F666FD /* HomeWorker.swift in Sources */ = {isa = PBXBuildFile; fileRef = 849005222476879200F666FD /* HomeWorker.swift */; };
		849005292476879300F666FD /* HomeRouter.swift in Sources */ = {isa = PBXBuildFile; fileRef = 849005232476879200F666FD /* HomeRouter.swift */; };
		8490052A2476879300F666FD /* HomeModels.swift in Sources */ = {isa = PBXBuildFile; fileRef = 849005242476879200F666FD /* HomeModels.swift */; };
		8490052B2476879300F666FD /* HomeViewController.swift in Sources */ = {isa = PBXBuildFile; fileRef = 849005252476879200F666FD /* HomeViewController.swift */; };
		8490052C2476879300F666FD /* HomeInteractor.swift in Sources */ = {isa = PBXBuildFile; fileRef = 849005262476879300F666FD /* HomeInteractor.swift */; };
/* End PBXBuildFile section */

/* Begin PBXFileReference section */
		847FC59124790911000704D7 /* README.md */ = {isa = PBXFileReference; fileEncoding = 4; lastKnownFileType = net.daringfireball.markdown; path = README.md; sourceTree = "<group>"; };
		848C3BD724781522009FD6C4 /* DetailsPresenter.swift */ = {isa = PBXFileReference; lastKnownFileType = sourcecode.swift; path = DetailsPresenter.swift; sourceTree = "<group>"; };
		848C3BD824781522009FD6C4 /* DetailsWorker.swift */ = {isa = PBXFileReference; lastKnownFileType = sourcecode.swift; path = DetailsWorker.swift; sourceTree = "<group>"; };
		848C3BD924781522009FD6C4 /* DetailsRouter.swift */ = {isa = PBXFileReference; lastKnownFileType = sourcecode.swift; path = DetailsRouter.swift; sourceTree = "<group>"; };
		848C3BDA24781522009FD6C4 /* DetailsModels.swift */ = {isa = PBXFileReference; lastKnownFileType = sourcecode.swift; path = DetailsModels.swift; sourceTree = "<group>"; };
		848C3BDB24781522009FD6C4 /* DetailsViewController.swift */ = {isa = PBXFileReference; lastKnownFileType = sourcecode.swift; path = DetailsViewController.swift; sourceTree = "<group>"; };
		848C3BDC24781522009FD6C4 /* DetailsInteractor.swift */ = {isa = PBXFileReference; lastKnownFileType = sourcecode.swift; path = DetailsInteractor.swift; sourceTree = "<group>"; };
		849005062476490600F666FD /* Clean_Swift_Architecture_Example.app */ = {isa = PBXFileReference; explicitFileType = wrapper.application; includeInIndex = 0; path = Clean_Swift_Architecture_Example.app; sourceTree = BUILT_PRODUCTS_DIR; };
		849005092476490600F666FD /* AppDelegate.swift */ = {isa = PBXFileReference; lastKnownFileType = sourcecode.swift; path = AppDelegate.swift; sourceTree = "<group>"; };
		8490050B2476490600F666FD /* SceneDelegate.swift */ = {isa = PBXFileReference; lastKnownFileType = sourcecode.swift; path = SceneDelegate.swift; sourceTree = "<group>"; };
		849005122476490D00F666FD /* Assets.xcassets */ = {isa = PBXFileReference; lastKnownFileType = folder.assetcatalog; path = Assets.xcassets; sourceTree = "<group>"; };
		849005152476490D00F666FD /* Base */ = {isa = PBXFileReference; lastKnownFileType = file.storyboard; name = Base; path = Base.lproj/LaunchScreen.storyboard; sourceTree = "<group>"; };
		849005172476490D00F666FD /* Info.plist */ = {isa = PBXFileReference; lastKnownFileType = text.plist.xml; path = Info.plist; sourceTree = "<group>"; };
		8490051D24764C1700F666FD /* ImageCell.swift */ = {isa = PBXFileReference; lastKnownFileType = sourcecode.swift; path = ImageCell.swift; sourceTree = "<group>"; };
		8490051F247685F000F666FD /* LabelPadding.swift */ = {isa = PBXFileReference; lastKnownFileType = sourcecode.swift; path = LabelPadding.swift; sourceTree = "<group>"; };
		849005212476879200F666FD /* HomePresenter.swift */ = {isa = PBXFileReference; lastKnownFileType = sourcecode.swift; path = HomePresenter.swift; sourceTree = "<group>"; };
		849005222476879200F666FD /* HomeWorker.swift */ = {isa = PBXFileReference; lastKnownFileType = sourcecode.swift; path = HomeWorker.swift; sourceTree = "<group>"; };
		849005232476879200F666FD /* HomeRouter.swift */ = {isa = PBXFileReference; lastKnownFileType = sourcecode.swift; path = HomeRouter.swift; sourceTree = "<group>"; };
		849005242476879200F666FD /* HomeModels.swift */ = {isa = PBXFileReference; lastKnownFileType = sourcecode.swift; path = HomeModels.swift; sourceTree = "<group>"; };
		849005252476879200F666FD /* HomeViewController.swift */ = {isa = PBXFileReference; lastKnownFileType = sourcecode.swift; path = HomeViewController.swift; sourceTree = "<group>"; };
		849005262476879300F666FD /* HomeInteractor.swift */ = {isa = PBXFileReference; lastKnownFileType = sourcecode.swift; path = HomeInteractor.swift; sourceTree = "<group>"; };
/* End PBXFileReference section */

/* Begin PBXFrameworksBuildPhase section */
		849005032476490600F666FD /* Frameworks */ = {
			isa = PBXFrameworksBuildPhase;
			buildActionMask = 2147483647;
			files = (
			);
			runOnlyForDeploymentPostprocessing = 0;
		};
/* End PBXFrameworksBuildPhase section */

/* Begin PBXGroup section */
		848C3BE324781528009FD6C4 /* Details */ = {
			isa = PBXGroup;
			children = (
				848C3BD724781522009FD6C4 /* DetailsPresenter.swift */,
				848C3BD824781522009FD6C4 /* DetailsWorker.swift */,
				848C3BD924781522009FD6C4 /* DetailsRouter.swift */,
				848C3BDA24781522009FD6C4 /* DetailsModels.swift */,
				848C3BDB24781522009FD6C4 /* DetailsViewController.swift */,
				848C3BDC24781522009FD6C4 /* DetailsInteractor.swift */,
			);
			path = Details;
			sourceTree = "<group>";
		};
		849004FD2476490600F666FD = {
			isa = PBXGroup;
			children = (
				849005082476490600F666FD /* Clean_Swift_Architecture_Example */,
				849005072476490600F666FD /* Products */,
			);
			sourceTree = "<group>";
		};
		849005072476490600F666FD /* Products */ = {
			isa = PBXGroup;
			children = (
				849005062476490600F666FD /* Clean_Swift_Architecture_Example.app */,
			);
			name = Products;
			sourceTree = "<group>";
		};
		849005082476490600F666FD /* Clean_Swift_Architecture_Example */ = {
			isa = PBXGroup;
			children = (
				849005092476490600F666FD /* AppDelegate.swift */,
				8490050B2476490600F666FD /* SceneDelegate.swift */,
				8490052D2476879800F666FD /* Home */,
				848C3BE324781528009FD6C4 /* Details */,
				8490052E247687C200F666FD /* SupportLib */,
				849005122476490D00F666FD /* Assets.xcassets */,
				849005142476490D00F666FD /* LaunchScreen.storyboard */,
				849005172476490D00F666FD /* Info.plist */,
				847FC59124790911000704D7 /* README.md */,
			);
			path = Clean_Swift_Architecture_Example;
			sourceTree = "<group>";
		};
		8490052D2476879800F666FD /* Home */ = {
			isa = PBXGroup;
			children = (
				8490051D24764C1700F666FD /* ImageCell.swift */,
				849005212476879200F666FD /* HomePresenter.swift */,
				849005222476879200F666FD /* HomeWorker.swift */,
				849005232476879200F666FD /* HomeRouter.swift */,
				849005242476879200F666FD /* HomeModels.swift */,
				849005252476879200F666FD /* HomeViewController.swift */,
				849005262476879300F666FD /* HomeInteractor.swift */,
			);
			path = Home;
			sourceTree = "<group>";
		};
		8490052E247687C200F666FD /* SupportLib */ = {
			isa = PBXGroup;
			children = (
				8490051F247685F000F666FD /* LabelPadding.swift */,
			);
			path = SupportLib;
			sourceTree = "<group>";
		};
/* End PBXGroup section */

/* Begin PBXNativeTarget section */
		849005052476490600F666FD /* Clean_Swift_Architecture_Example */ = {
			isa = PBXNativeTarget;
			buildConfigurationList = 8490051A2476490D00F666FD /* Build configuration list for PBXNativeTarget "Clean_Swift_Architecture_Example" */;
			buildPhases = (
				849005022476490600F666FD /* Sources */,
				849005032476490600F666FD /* Frameworks */,
				849005042476490600F666FD /* Resources */,
			);
			buildRules = (
			);
			dependencies = (
			);
			name = Clean_Swift_Architecture_Example;
			productName = Clean_Swift_Architecture_Example;
			productReference = 849005062476490600F666FD /* Clean_Swift_Architecture_Example.app */;
			productType = "com.apple.product-type.application";
		};
/* End PBXNativeTarget section */

/* Begin PBXProject section */
		849004FE2476490600F666FD /* Project object */ = {
			isa = PBXProject;
			attributes = {
				LastSwiftUpdateCheck = 1140;
				LastUpgradeCheck = 1140;
				ORGANIZATIONNAME = "Success Resource Pte Ltd.";
				TargetAttributes = {
					849005052476490600F666FD = {
						CreatedOnToolsVersion = 11.4.1;
					};
				};
			};
			buildConfigurationList = 849005012476490600F666FD /* Build configuration list for PBXProject "Clean_Swift_Architecture_Example" */;
			compatibilityVersion = "Xcode 9.3";
			developmentRegion = en;
			hasScannedForEncodings = 0;
			knownRegions = (
				en,
				Base,
			);
			mainGroup = 849004FD2476490600F666FD;
			productRefGroup = 849005072476490600F666FD /* Products */;
			projectDirPath = "";
			projectRoot = "";
			targets = (
				849005052476490600F666FD /* Clean_Swift_Architecture_Example */,
			);
		};
/* End PBXProject section */

/* Begin PBXResourcesBuildPhase section */
		849005042476490600F666FD /* Resources */ = {
			isa = PBXResourcesBuildPhase;
			buildActionMask = 2147483647;
			files = (
				847FC59224790912000704D7 /* README.md in Resources */,
				849005162476490D00F666FD /* LaunchScreen.storyboard in Resources */,
				849005132476490D00F666FD /* Assets.xcassets in Resources */,
			);
			runOnlyForDeploymentPostprocessing = 0;
		};
/* End PBXResourcesBuildPhase section */

/* Begin PBXSourcesBuildPhase section */
		849005022476490600F666FD /* Sources */ = {
			isa = PBXSourcesBuildPhase;
			buildActionMask = 2147483647;
			files = (
				8490052C2476879300F666FD /* HomeInteractor.swift in Sources */,
				8490052A2476879300F666FD /* HomeModels.swift in Sources */,
				849005282476879300F666FD /* HomeWorker.swift in Sources */,
				8490051E24764C1700F666FD /* ImageCell.swift in Sources */,
				848C3BE224781523009FD6C4 /* DetailsInteractor.swift in Sources */,
				8490050A2476490600F666FD /* AppDelegate.swift in Sources */,
				8490052B2476879300F666FD /* HomeViewController.swift in Sources */,
				848C3BE024781523009FD6C4 /* DetailsModels.swift in Sources */,
				849005272476879300F666FD /* HomePresenter.swift in Sources */,
				849005292476879300F666FD /* HomeRouter.swift in Sources */,
				848C3BDE24781523009FD6C4 /* DetailsWorker.swift in Sources */,
				848C3BE124781523009FD6C4 /* DetailsViewController.swift in Sources */,
				84900520247685F000F666FD /* LabelPadding.swift in Sources */,
				8490050C2476490600F666FD /* SceneDelegate.swift in Sources */,
				848C3BDD24781523009FD6C4 /* DetailsPresenter.swift in Sources */,
				848C3BDF24781523009FD6C4 /* DetailsRouter.swift in Sources */,
			);
			runOnlyForDeploymentPostprocessing = 0;
		};
/* End PBXSourcesBuildPhase section */

/* Begin PBXVariantGroup section */
		849005142476490D00F666FD /* LaunchScreen.storyboard */ = {
			isa = PBXVariantGroup;
			children = (
				849005152476490D00F666FD /* Base */,
			);
			name = LaunchScreen.storyboard;
			sourceTree = "<group>";
		};
/* End PBXVariantGroup section */

/* Begin XCBuildConfiguration section */
		849005182476490D00F666FD /* Debug */ = {
			isa = XCBuildConfiguration;
			buildSettings = {
				ALWAYS_SEARCH_USER_PATHS = NO;
				CLANG_ANALYZER_NONNULL = YES;
				CLANG_ANALYZER_NUMBER_OBJECT_CONVERSION = YES_AGGRESSIVE;
				CLANG_CXX_LANGUAGE_STANDARD = "gnu++14";
				CLANG_CXX_LIBRARY = "libc++";
				CLANG_ENABLE_MODULES = YES;
				CLANG_ENABLE_OBJC_ARC = YES;
				CLANG_ENABLE_OBJC_WEAK = YES;
				CLANG_WARN_BLOCK_CAPTURE_AUTORELEASING = YES;
				CLANG_WARN_BOOL_CONVERSION = YES;
				CLANG_WARN_COMMA = YES;
				CLANG_WARN_CONSTANT_CONVERSION = YES;
				CLANG_WARN_DEPRECATED_OBJC_IMPLEMENTATIONS = YES;
				CLANG_WARN_DIRECT_OBJC_ISA_USAGE = YES_ERROR;
				CLANG_WARN_DOCUMENTATION_COMMENTS = YES;
				CLANG_WARN_EMPTY_BODY = YES;
				CLANG_WARN_ENUM_CONVERSION = YES;
				CLANG_WARN_INFINITE_RECURSION = YES;
				CLANG_WARN_INT_CONVERSION = YES;
				CLANG_WARN_NON_LITERAL_NULL_CONVERSION = YES;
				CLANG_WARN_OBJC_IMPLICIT_RETAIN_SELF = YES;
				CLANG_WARN_OBJC_LITERAL_CONVERSION = YES;
				CLANG_WARN_OBJC_ROOT_CLASS = YES_ERROR;
				CLANG_WARN_RANGE_LOOP_ANALYSIS = YES;
				CLANG_WARN_STRICT_PROTOTYPES = YES;
				CLANG_WARN_SUSPICIOUS_MOVE = YES;
				CLANG_WARN_UNGUARDED_AVAILABILITY = YES_AGGRESSIVE;
				CLANG_WARN_UNREACHABLE_CODE = YES;
				CLANG_WARN__DUPLICATE_METHOD_MATCH = YES;
				COPY_PHASE_STRIP = NO;
				DEBUG_INFORMATION_FORMAT = dwarf;
				ENABLE_STRICT_OBJC_MSGSEND = YES;
				ENABLE_TESTABILITY = YES;
				GCC_C_LANGUAGE_STANDARD = gnu11;
				GCC_DYNAMIC_NO_PIC = NO;
				GCC_NO_COMMON_BLOCKS = YES;
				GCC_OPTIMIZATION_LEVEL = 0;
				GCC_PREPROCESSOR_DEFINITIONS = (
					"DEBUG=1",
					"$(inherited)",
				);
				GCC_WARN_64_TO_32_BIT_CONVERSION = YES;
				GCC_WARN_ABOUT_RETURN_TYPE = YES_ERROR;
				GCC_WARN_UNDECLARED_SELECTOR = YES;
				GCC_WARN_UNINITIALIZED_AUTOS = YES_AGGRESSIVE;
				GCC_WARN_UNUSED_FUNCTION = YES;
				GCC_WARN_UNUSED_VARIABLE = YES;
				IPHONEOS_DEPLOYMENT_TARGET = 13.4;
				MTL_ENABLE_DEBUG_INFO = INCLUDE_SOURCE;
				MTL_FAST_MATH = YES;
				ONLY_ACTIVE_ARCH = YES;
				SDKROOT = iphoneos;
				SWIFT_ACTIVE_COMPILATION_CONDITIONS = DEBUG;
				SWIFT_OPTIMIZATION_LEVEL = "-Onone";
			};
			name = Debug;
		};
		849005192476490D00F666FD /* Release */ = {
			isa = XCBuildConfiguration;
			buildSettings = {
				ALWAYS_SEARCH_USER_PATHS = NO;
				CLANG_ANALYZER_NONNULL = YES;
				CLANG_ANALYZER_NUMBER_OBJECT_CONVERSION = YES_AGGRESSIVE;
				CLANG_CXX_LANGUAGE_STANDARD = "gnu++14";
				CLANG_CXX_LIBRARY = "libc++";
				CLANG_ENABLE_MODULES = YES;
				CLANG_ENABLE_OBJC_ARC = YES;
				CLANG_ENABLE_OBJC_WEAK = YES;
				CLANG_WARN_BLOCK_CAPTURE_AUTORELEASING = YES;
				CLANG_WARN_BOOL_CONVERSION = YES;
				CLANG_WARN_COMMA = YES;
				CLANG_WARN_CONSTANT_CONVERSION = YES;
				CLANG_WARN_DEPRECATED_OBJC_IMPLEMENTATIONS = YES;
				CLANG_WARN_DIRECT_OBJC_ISA_USAGE = YES_ERROR;
				CLANG_WARN_DOCUMENTATION_COMMENTS = YES;
				CLANG_WARN_EMPTY_BODY = YES;
				CLANG_WARN_ENUM_CONVERSION = YES;
				CLANG_WARN_INFINITE_RECURSION = YES;
				CLANG_WARN_INT_CONVERSION = YES;
				CLANG_WARN_NON_LITERAL_NULL_CONVERSION = YES;
				CLANG_WARN_OBJC_IMPLICIT_RETAIN_SELF = YES;
				CLANG_WARN_OBJC_LITERAL_CONVERSION = YES;
				CLANG_WARN_OBJC_ROOT_CLASS = YES_ERROR;
				CLANG_WARN_RANGE_LOOP_ANALYSIS = YES;
				CLANG_WARN_STRICT_PROTOTYPES = YES;
				CLANG_WARN_SUSPICIOUS_MOVE = YES;
				CLANG_WARN_UNGUARDED_AVAILABILITY = YES_AGGRESSIVE;
				CLANG_WARN_UNREACHABLE_CODE = YES;
				CLANG_WARN__DUPLICATE_METHOD_MATCH = YES;
				COPY_PHASE_STRIP = NO;
				DEBUG_INFORMATION_FORMAT = "dwarf-with-dsym";
				ENABLE_NS_ASSERTIONS = NO;
				ENABLE_STRICT_OBJC_MSGSEND = YES;
				GCC_C_LANGUAGE_STANDARD = gnu11;
				GCC_NO_COMMON_BLOCKS = YES;
				GCC_WARN_64_TO_32_BIT_CONVERSION = YES;
				GCC_WARN_ABOUT_RETURN_TYPE = YES_ERROR;
				GCC_WARN_UNDECLARED_SELECTOR = YES;
				GCC_WARN_UNINITIALIZED_AUTOS = YES_AGGRESSIVE;
				GCC_WARN_UNUSED_FUNCTION = YES;
				GCC_WARN_UNUSED_VARIABLE = YES;
				IPHONEOS_DEPLOYMENT_TARGET = 13.4;
				MTL_ENABLE_DEBUG_INFO = NO;
				MTL_FAST_MATH = YES;
				SDKROOT = iphoneos;
				SWIFT_COMPILATION_MODE = wholemodule;
				SWIFT_OPTIMIZATION_LEVEL = "-O";
				VALIDATE_PRODUCT = YES;
			};
			name = Release;
		};
		8490051B2476490D00F666FD /* Debug */ = {
			isa = XCBuildConfiguration;
			buildSettings = {
				ASSETCATALOG_COMPILER_APPICON_NAME = AppIcon;
				CODE_SIGN_STYLE = Automatic;
				DEVELOPMENT_TEAM = H922B55M85;
				INFOPLIST_FILE = Clean_Swift_Architecture_Example/Info.plist;
				LD_RUNPATH_SEARCH_PATHS = (
					"$(inherited)",
					"@executable_path/Frameworks",
				);
				PRODUCT_BUNDLE_IDENTIFIER = "com.sr.Clean-Swift-Architecture-Example";
				PRODUCT_NAME = "$(TARGET_NAME)";
				SWIFT_VERSION = 5.0;
				TARGETED_DEVICE_FAMILY = "1,2";
			};
			name = Debug;
		};
		8490051C2476490D00F666FD /* Release */ = {
			isa = XCBuildConfiguration;
			buildSettings = {
				ASSETCATALOG_COMPILER_APPICON_NAME = AppIcon;
				CODE_SIGN_STYLE = Automatic;
				DEVELOPMENT_TEAM = H922B55M85;
				INFOPLIST_FILE = Clean_Swift_Architecture_Example/Info.plist;
				LD_RUNPATH_SEARCH_PATHS = (
					"$(inherited)",
					"@executable_path/Frameworks",
				);
				PRODUCT_BUNDLE_IDENTIFIER = "com.sr.Clean-Swift-Architecture-Example";
				PRODUCT_NAME = "$(TARGET_NAME)";
				SWIFT_VERSION = 5.0;
				TARGETED_DEVICE_FAMILY = "1,2";
			};
			name = Release;
		};
/* End XCBuildConfiguration section */

/* Begin XCConfigurationList section */
		849005012476490600F666FD /* Build configuration list for PBXProject "Clean_Swift_Architecture_Example" */ = {
			isa = XCConfigurationList;
			buildConfigurations = (
				849005182476490D00F666FD /* Debug */,
				849005192476490D00F666FD /* Release */,
			);
			defaultConfigurationIsVisible = 0;
			defaultConfigurationName = Release;
		};
		8490051A2476490D00F666FD /* Build configuration list for PBXNativeTarget "Clean_Swift_Architecture_Example" */ = {
			isa = XCConfigurationList;
			buildConfigurations = (
				8490051B2476490D00F666FD /* Debug */,
				8490051C2476490D00F666FD /* Release */,
			);
			defaultConfigurationIsVisible = 0;
			defaultConfigurationName = Release;
		};
/* End XCConfigurationList section */
	};
	rootObject = 849004FE2476490600F666FD /* Project object */;
}
